// !$*UTF8*$!
{
	archiveVersion = 1;
	classes = {
	};
	objectVersion = 55;
	objects = {

/* Begin PBXBuildFile section */
		19AB7E1D282EA185009F7A3E /* RecipeListViewModel.swift in Sources */ = {isa = PBXBuildFile; fileRef = 19AB7E1C282EA185009F7A3E /* RecipeListViewModel.swift */; };
		19AB7E1F282F37B7009F7A3E /* DetailsViewModel.swift in Sources */ = {isa = PBXBuildFile; fileRef = 19AB7E1E282F37B7009F7A3E /* DetailsViewModel.swift */; };
		19AB7E2228304F54009F7A3E /* Utilities.swift in Sources */ = {isa = PBXBuildFile; fileRef = 19AB7E2128304F54009F7A3E /* Utilities.swift */; };
		19AB7E2528307984009F7A3E /* RecipeListViewCoordinator.swift in Sources */ = {isa = PBXBuildFile; fileRef = 19AB7E2428307984009F7A3E /* RecipeListViewCoordinator.swift */; };
		19AB7E2728307FC6009F7A3E /* DetailsViewCoordinator.swift in Sources */ = {isa = PBXBuildFile; fileRef = 19AB7E2628307FC6009F7A3E /* DetailsViewCoordinator.swift */; };
		19AB7E29283081E2009F7A3E /* AppCoordinator.swift in Sources */ = {isa = PBXBuildFile; fileRef = 19AB7E28283081E2009F7A3E /* AppCoordinator.swift */; };
		19E931E2282DCF1400417530 /* AppDelegate.swift in Sources */ = {isa = PBXBuildFile; fileRef = 19E931E1282DCF1400417530 /* AppDelegate.swift */; };
		19E931E4282DCF1500417530 /* SceneDelegate.swift in Sources */ = {isa = PBXBuildFile; fileRef = 19E931E3282DCF1500417530 /* SceneDelegate.swift */; };
		19E931E6282DCF1500417530 /* RecipeListViewController.swift in Sources */ = {isa = PBXBuildFile; fileRef = 19E931E5282DCF1500417530 /* RecipeListViewController.swift */; };
		19E931E9282DCF1500417530 /* Main.storyboard in Resources */ = {isa = PBXBuildFile; fileRef = 19E931E7282DCF1500417530 /* Main.storyboard */; };
		19E931EB282DCF1A00417530 /* Assets.xcassets in Resources */ = {isa = PBXBuildFile; fileRef = 19E931EA282DCF1A00417530 /* Assets.xcassets */; };
		19E931EE282DCF1A00417530 /* LaunchScreen.storyboard in Resources */ = {isa = PBXBuildFile; fileRef = 19E931EC282DCF1A00417530 /* LaunchScreen.storyboard */; };
		19E931F7282DD2B600417530 /* MealItemModels.swift in Sources */ = {isa = PBXBuildFile; fileRef = 19E931F6282DD2B600417530 /* MealItemModels.swift */; };
		19E931FA282DD56B00417530 /* NetworkManager.swift in Sources */ = {isa = PBXBuildFile; fileRef = 19E931F9282DD56B00417530 /* NetworkManager.swift */; };
		19E931FC282E04A900417530 /* MealListCell.swift in Sources */ = {isa = PBXBuildFile; fileRef = 19E931FB282E04A900417530 /* MealListCell.swift */; };
		19E931FE282E051300417530 /* DetailsViewController.swift in Sources */ = {isa = PBXBuildFile; fileRef = 19E931FD282E051300417530 /* DetailsViewController.swift */; };
/* End PBXBuildFile section */

/* Begin PBXFileReference section */
		19AB7E1C282EA185009F7A3E /* RecipeListViewModel.swift */ = {isa = PBXFileReference; lastKnownFileType = sourcecode.swift; path = RecipeListViewModel.swift; sourceTree = "<group>"; };
		19AB7E1E282F37B7009F7A3E /* DetailsViewModel.swift */ = {isa = PBXFileReference; lastKnownFileType = sourcecode.swift; path = DetailsViewModel.swift; sourceTree = "<group>"; };
		19AB7E2128304F54009F7A3E /* Utilities.swift */ = {isa = PBXFileReference; lastKnownFileType = sourcecode.swift; path = Utilities.swift; sourceTree = "<group>"; };
		19AB7E2428307984009F7A3E /* RecipeListViewCoordinator.swift */ = {isa = PBXFileReference; lastKnownFileType = sourcecode.swift; path = RecipeListViewCoordinator.swift; sourceTree = "<group>"; };
		19AB7E2628307FC6009F7A3E /* DetailsViewCoordinator.swift */ = {isa = PBXFileReference; lastKnownFileType = sourcecode.swift; path = DetailsViewCoordinator.swift; sourceTree = "<group>"; };
		19AB7E28283081E2009F7A3E /* AppCoordinator.swift */ = {isa = PBXFileReference; lastKnownFileType = sourcecode.swift; path = AppCoordinator.swift; sourceTree = "<group>"; };
		19E931DE282DCF1400417530 /* FetchDesserts.app */ = {isa = PBXFileReference; explicitFileType = wrapper.application; includeInIndex = 0; path = FetchDesserts.app; sourceTree = BUILT_PRODUCTS_DIR; };
		19E931E1282DCF1400417530 /* AppDelegate.swift */ = {isa = PBXFileReference; lastKnownFileType = sourcecode.swift; path = AppDelegate.swift; sourceTree = "<group>"; };
		19E931E3282DCF1500417530 /* SceneDelegate.swift */ = {isa = PBXFileReference; lastKnownFileType = sourcecode.swift; path = SceneDelegate.swift; sourceTree = "<group>"; };
		19E931E5282DCF1500417530 /* RecipeListViewController.swift */ = {isa = PBXFileReference; lastKnownFileType = sourcecode.swift; path = RecipeListViewController.swift; sourceTree = "<group>"; };
		19E931E8282DCF1500417530 /* Base */ = {isa = PBXFileReference; lastKnownFileType = file.storyboard; name = Base; path = Base.lproj/Main.storyboard; sourceTree = "<group>"; };
		19E931EA282DCF1A00417530 /* Assets.xcassets */ = {isa = PBXFileReference; lastKnownFileType = folder.assetcatalog; path = Assets.xcassets; sourceTree = "<group>"; };
		19E931ED282DCF1A00417530 /* Base */ = {isa = PBXFileReference; lastKnownFileType = file.storyboard; name = Base; path = Base.lproj/LaunchScreen.storyboard; sourceTree = "<group>"; };
		19E931EF282DCF1A00417530 /* Info.plist */ = {isa = PBXFileReference; lastKnownFileType = text.plist.xml; path = Info.plist; sourceTree = "<group>"; };
		19E931F6282DD2B600417530 /* MealItemModels.swift */ = {isa = PBXFileReference; lastKnownFileType = sourcecode.swift; path = MealItemModels.swift; sourceTree = "<group>"; };
		19E931F9282DD56B00417530 /* NetworkManager.swift */ = {isa = PBXFileReference; lastKnownFileType = sourcecode.swift; path = NetworkManager.swift; sourceTree = "<group>"; };
		19E931FB282E04A900417530 /* MealListCell.swift */ = {isa = PBXFileReference; lastKnownFileType = sourcecode.swift; path = MealListCell.swift; sourceTree = "<group>"; };
		19E931FD282E051300417530 /* DetailsViewController.swift */ = {isa = PBXFileReference; lastKnownFileType = sourcecode.swift; path = DetailsViewController.swift; sourceTree = "<group>"; };
/* End PBXFileReference section */

/* Begin PBXFrameworksBuildPhase section */
		19E931DB282DCF1400417530 /* Frameworks */ = {
			isa = PBXFrameworksBuildPhase;
			buildActionMask = 2147483647;
			files = (
			);
			runOnlyForDeploymentPostprocessing = 0;
		};
/* End PBXFrameworksBuildPhase section */

/* Begin PBXGroup section */
		19AB7E1B282EA15D009F7A3E /* ViewModels */ = {
			isa = PBXGroup;
			children = (
				19AB7E1C282EA185009F7A3E /* RecipeListViewModel.swift */,
				19AB7E1E282F37B7009F7A3E /* DetailsViewModel.swift */,
			);
			path = ViewModels;
			sourceTree = "<group>";
		};
		19AB7E2028304F44009F7A3E /* Utilities */ = {
			isa = PBXGroup;
			children = (
				19AB7E2128304F54009F7A3E /* Utilities.swift */,
			);
			path = Utilities;
			sourceTree = "<group>";
		};
		19AB7E2328307265009F7A3E /* Coordinators */ = {
			isa = PBXGroup;
			children = (
				19AB7E28283081E2009F7A3E /* AppCoordinator.swift */,
				19AB7E2628307FC6009F7A3E /* DetailsViewCoordinator.swift */,
				19AB7E2428307984009F7A3E /* RecipeListViewCoordinator.swift */,
			);
			path = Coordinators;
			sourceTree = "<group>";
		};
		19E931D5282DCF1400417530 = {
			isa = PBXGroup;
			children = (
				19E931E0282DCF1400417530 /* FetchDesserts */,
				19E931DF282DCF1400417530 /* Products */,
			);
			sourceTree = "<group>";
		};
		19E931DF282DCF1400417530 /* Products */ = {
			isa = PBXGroup;
			children = (
				19E931DE282DCF1400417530 /* FetchDesserts.app */,
			);
			name = Products;
			sourceTree = "<group>";
		};
		19E931E0282DCF1400417530 /* FetchDesserts */ = {
			isa = PBXGroup;
			children = (
				19AB7E2328307265009F7A3E /* Coordinators */,
				19AB7E2028304F44009F7A3E /* Utilities */,
				19AB7E1B282EA15D009F7A3E /* ViewModels */,
				19E931F8282DD55B00417530 /* Network */,
				19E931F5282DD29400417530 /* Models */,
				19E931E1282DCF1400417530 /* AppDelegate.swift */,
				19E931E3282DCF1500417530 /* SceneDelegate.swift */,
				19E931FF282E051E00417530 /* Views */,
				19E931E7282DCF1500417530 /* Main.storyboard */,
				19E931EA282DCF1A00417530 /* Assets.xcassets */,
				19E931EC282DCF1A00417530 /* LaunchScreen.storyboard */,
				19E931EF282DCF1A00417530 /* Info.plist */,
			);
			path = FetchDesserts;
			sourceTree = "<group>";
		};
		19E931F5282DD29400417530 /* Models */ = {
			isa = PBXGroup;
			children = (
				19E931F6282DD2B600417530 /* MealItemModels.swift */,
			);
			path = Models;
			sourceTree = "<group>";
		};
		19E931F8282DD55B00417530 /* Network */ = {
			isa = PBXGroup;
			children = (
				19E931F9282DD56B00417530 /* NetworkManager.swift */,
			);
			path = Network;
			sourceTree = "<group>";
		};
		19E931FF282E051E00417530 /* Views */ = {
			isa = PBXGroup;
			children = (
				19E931E5282DCF1500417530 /* RecipeListViewController.swift */,
				19E931FD282E051300417530 /* DetailsViewController.swift */,
				19E931FB282E04A900417530 /* MealListCell.swift */,
			);
			path = Views;
			sourceTree = "<group>";
		};
/* End PBXGroup section */

/* Begin PBXNativeTarget section */
		19E931DD282DCF1400417530 /* FetchDesserts */ = {
			isa = PBXNativeTarget;
			buildConfigurationList = 19E931F2282DCF1A00417530 /* Build configuration list for PBXNativeTarget "FetchDesserts" */;
			buildPhases = (
				19E931DA282DCF1400417530 /* Sources */,
				19E931DB282DCF1400417530 /* Frameworks */,
				19E931DC282DCF1400417530 /* Resources */,
			);
			buildRules = (
			);
			dependencies = (
			);
			name = FetchDesserts;
			productName = FetchDesserts;
			productReference = 19E931DE282DCF1400417530 /* FetchDesserts.app */;
			productType = "com.apple.product-type.application";
		};
/* End PBXNativeTarget section */

/* Begin PBXProject section */
		19E931D6282DCF1400417530 /* Project object */ = {
			isa = PBXProject;
			attributes = {
				BuildIndependentTargetsInParallel = 1;
				LastSwiftUpdateCheck = 1320;
				LastUpgradeCheck = 1320;
				TargetAttributes = {
					19E931DD282DCF1400417530 = {
						CreatedOnToolsVersion = 13.2.1;
					};
				};
			};
			buildConfigurationList = 19E931D9282DCF1400417530 /* Build configuration list for PBXProject "FetchDesserts" */;
			compatibilityVersion = "Xcode 13.0";
			developmentRegion = en;
			hasScannedForEncodings = 0;
			knownRegions = (
				en,
				Base,
			);
			mainGroup = 19E931D5282DCF1400417530;
			productRefGroup = 19E931DF282DCF1400417530 /* Products */;
			projectDirPath = "";
			projectRoot = "";
			targets = (
				19E931DD282DCF1400417530 /* FetchDesserts */,
			);
		};
/* End PBXProject section */

/* Begin PBXResourcesBuildPhase section */
		19E931DC282DCF1400417530 /* Resources */ = {
			isa = PBXResourcesBuildPhase;
			buildActionMask = 2147483647;
			files = (
				19E931EE282DCF1A00417530 /* LaunchScreen.storyboard in Resources */,
				19E931EB282DCF1A00417530 /* Assets.xcassets in Resources */,
				19E931E9282DCF1500417530 /* Main.storyboard in Resources */,
			);
			runOnlyForDeploymentPostprocessing = 0;
		};
/* End PBXResourcesBuildPhase section */

/* Begin PBXSourcesBuildPhase section */
		19E931DA282DCF1400417530 /* Sources */ = {
			isa = PBXSourcesBuildPhase;
			buildActionMask = 2147483647;
			files = (
				19E931E6282DCF1500417530 /* RecipeListViewController.swift in Sources */,
				19AB7E1D282EA185009F7A3E /* RecipeListViewModel.swift in Sources */,
				19AB7E29283081E2009F7A3E /* AppCoordinator.swift in Sources */,
				19E931F7282DD2B600417530 /* MealItemModels.swift in Sources */,
				19E931FC282E04A900417530 /* MealListCell.swift in Sources */,
				19E931FA282DD56B00417530 /* NetworkManager.swift in Sources */,
				19E931E2282DCF1400417530 /* AppDelegate.swift in Sources */,
				19E931E4282DCF1500417530 /* SceneDelegate.swift in Sources */,
				19E931FE282E051300417530 /* DetailsViewController.swift in Sources */,
				19AB7E2728307FC6009F7A3E /* DetailsViewCoordinator.swift in Sources */,
				19AB7E2528307984009F7A3E /* RecipeListViewCoordinator.swift in Sources */,
				19AB7E2228304F54009F7A3E /* Utilities.swift in Sources */,
				19AB7E1F282F37B7009F7A3E /* DetailsViewModel.swift in Sources */,
			);
			runOnlyForDeploymentPostprocessing = 0;
		};
/* End PBXSourcesBuildPhase section */

/* Begin PBXVariantGroup section */
		19E931E7282DCF1500417530 /* Main.storyboard */ = {
			isa = PBXVariantGroup;
			children = (
				19E931E8282DCF1500417530 /* Base */,
			);
			name = Main.storyboard;
			sourceTree = "<group>";
		};
		19E931EC282DCF1A00417530 /* LaunchScreen.storyboard */ = {
			isa = PBXVariantGroup;
			children = (
				19E931ED282DCF1A00417530 /* Base */,
			);
			name = LaunchScreen.storyboard;
			sourceTree = "<group>";
		};
/* End PBXVariantGroup section */

/* Begin XCBuildConfiguration section */
		19E931F0282DCF1A00417530 /* Debug */ = {
			isa = XCBuildConfiguration;
			buildSettings = {
				ALWAYS_SEARCH_USER_PATHS = NO;
				CLANG_ANALYZER_NONNULL = YES;
				CLANG_ANALYZER_NUMBER_OBJECT_CONVERSION = YES_AGGRESSIVE;
				CLANG_CXX_LANGUAGE_STANDARD = "gnu++17";
				CLANG_CXX_LIBRARY = "libc++";
				CLANG_ENABLE_MODULES = YES;
				CLANG_ENABLE_OBJC_ARC = YES;
				CLANG_ENABLE_OBJC_WEAK = YES;
				CLANG_WARN_BLOCK_CAPTURE_AUTORELEASING = YES;
				CLANG_WARN_BOOL_CONVERSION = YES;
				CLANG_WARN_COMMA = YES;
				CLANG_WARN_CONSTANT_CONVERSION = YES;
				CLANG_WARN_DEPRECATED_OBJC_IMPLEMENTATIONS = YES;
				CLANG_WARN_DIRECT_OBJC_ISA_USAGE = YES_ERROR;
				CLANG_WARN_DOCUMENTATION_COMMENTS = YES;
				CLANG_WARN_EMPTY_BODY = YES;
				CLANG_WARN_ENUM_CONVERSION = YES;
				CLANG_WARN_INFINITE_RECURSION = YES;
				CLANG_WARN_INT_CONVERSION = YES;
				CLANG_WARN_NON_LITERAL_NULL_CONVERSION = YES;
				CLANG_WARN_OBJC_IMPLICIT_RETAIN_SELF = YES;
				CLANG_WARN_OBJC_LITERAL_CONVERSION = YES;
				CLANG_WARN_OBJC_ROOT_CLASS = YES_ERROR;
				CLANG_WARN_QUOTED_INCLUDE_IN_FRAMEWORK_HEADER = YES;
				CLANG_WARN_RANGE_LOOP_ANALYSIS = YES;
				CLANG_WARN_STRICT_PROTOTYPES = YES;
				CLANG_WARN_SUSPICIOUS_MOVE = YES;
				CLANG_WARN_UNGUARDED_AVAILABILITY = YES_AGGRESSIVE;
				CLANG_WARN_UNREACHABLE_CODE = YES;
				CLANG_WARN__DUPLICATE_METHOD_MATCH = YES;
				COPY_PHASE_STRIP = NO;
				DEBUG_INFORMATION_FORMAT = dwarf;
				ENABLE_STRICT_OBJC_MSGSEND = YES;
				ENABLE_TESTABILITY = YES;
				GCC_C_LANGUAGE_STANDARD = gnu11;
				GCC_DYNAMIC_NO_PIC = NO;
				GCC_NO_COMMON_BLOCKS = YES;
				GCC_OPTIMIZATION_LEVEL = 0;
				GCC_PREPROCESSOR_DEFINITIONS = (
					"DEBUG=1",
					"$(inherited)",
				);
				GCC_WARN_64_TO_32_BIT_CONVERSION = YES;
				GCC_WARN_ABOUT_RETURN_TYPE = YES_ERROR;
				GCC_WARN_UNDECLARED_SELECTOR = YES;
				GCC_WARN_UNINITIALIZED_AUTOS = YES_AGGRESSIVE;
				GCC_WARN_UNUSED_FUNCTION = YES;
				GCC_WARN_UNUSED_VARIABLE = YES;
				IPHONEOS_DEPLOYMENT_TARGET = 15.2;
				MTL_ENABLE_DEBUG_INFO = INCLUDE_SOURCE;
				MTL_FAST_MATH = YES;
				ONLY_ACTIVE_ARCH = YES;
				SDKROOT = iphoneos;
				SWIFT_ACTIVE_COMPILATION_CONDITIONS = DEBUG;
				SWIFT_OPTIMIZATION_LEVEL = "-Onone";
			};
			name = Debug;
		};
		19E931F1282DCF1A00417530 /* Release */ = {
			isa = XCBuildConfiguration;
			buildSettings = {
				ALWAYS_SEARCH_USER_PATHS = NO;
				CLANG_ANALYZER_NONNULL = YES;
				CLANG_ANALYZER_NUMBER_OBJECT_CONVERSION = YES_AGGRESSIVE;
				CLANG_CXX_LANGUAGE_STANDARD = "gnu++17";
				CLANG_CXX_LIBRARY = "libc++";
				CLANG_ENABLE_MODULES = YES;
				CLANG_ENABLE_OBJC_ARC = YES;
				CLANG_ENABLE_OBJC_WEAK = YES;
				CLANG_WARN_BLOCK_CAPTURE_AUTORELEASING = YES;
				CLANG_WARN_BOOL_CONVERSION = YES;
				CLANG_WARN_COMMA = YES;
				CLANG_WARN_CONSTANT_CONVERSION = YES;
				CLANG_WARN_DEPRECATED_OBJC_IMPLEMENTATIONS = YES;
				CLANG_WARN_DIRECT_OBJC_ISA_USAGE = YES_ERROR;
				CLANG_WARN_DOCUMENTATION_COMMENTS = YES;
				CLANG_WARN_EMPTY_BODY = YES;
				CLANG_WARN_ENUM_CONVERSION = YES;
				CLANG_WARN_INFINITE_RECURSION = YES;
				CLANG_WARN_INT_CONVERSION = YES;
				CLANG_WARN_NON_LITERAL_NULL_CONVERSION = YES;
				CLANG_WARN_OBJC_IMPLICIT_RETAIN_SELF = YES;
				CLANG_WARN_OBJC_LITERAL_CONVERSION = YES;
				CLANG_WARN_OBJC_ROOT_CLASS = YES_ERROR;
				CLANG_WARN_QUOTED_INCLUDE_IN_FRAMEWORK_HEADER = YES;
				CLANG_WARN_RANGE_LOOP_ANALYSIS = YES;
				CLANG_WARN_STRICT_PROTOTYPES = YES;
				CLANG_WARN_SUSPICIOUS_MOVE = YES;
				CLANG_WARN_UNGUARDED_AVAILABILITY = YES_AGGRESSIVE;
				CLANG_WARN_UNREACHABLE_CODE = YES;
				CLANG_WARN__DUPLICATE_METHOD_MATCH = YES;
				COPY_PHASE_STRIP = NO;
				DEBUG_INFORMATION_FORMAT = "dwarf-with-dsym";
				ENABLE_NS_ASSERTIONS = NO;
				ENABLE_STRICT_OBJC_MSGSEND = YES;
				GCC_C_LANGUAGE_STANDARD = gnu11;
				GCC_NO_COMMON_BLOCKS = YES;
				GCC_WARN_64_TO_32_BIT_CONVERSION = YES;
				GCC_WARN_ABOUT_RETURN_TYPE = YES_ERROR;
				GCC_WARN_UNDECLARED_SELECTOR = YES;
				GCC_WARN_UNINITIALIZED_AUTOS = YES_AGGRESSIVE;
				GCC_WARN_UNUSED_FUNCTION = YES;
				GCC_WARN_UNUSED_VARIABLE = YES;
				IPHONEOS_DEPLOYMENT_TARGET = 15.2;
				MTL_ENABLE_DEBUG_INFO = NO;
				MTL_FAST_MATH = YES;
				SDKROOT = iphoneos;
				SWIFT_COMPILATION_MODE = wholemodule;
				SWIFT_OPTIMIZATION_LEVEL = "-O";
				VALIDATE_PRODUCT = YES;
			};
			name = Release;
		};
		19E931F3282DCF1A00417530 /* Debug */ = {
			isa = XCBuildConfiguration;
			buildSettings = {
				ASSETCATALOG_COMPILER_APPICON_NAME = AppIcon;
				ASSETCATALOG_COMPILER_GLOBAL_ACCENT_COLOR_NAME = AccentColor;
				CODE_SIGN_STYLE = Automatic;
				CURRENT_PROJECT_VERSION = 1;
				DEVELOPMENT_TEAM = PZK4942533;
				GENERATE_INFOPLIST_FILE = YES;
				INFOPLIST_FILE = FetchDesserts/Info.plist;
				INFOPLIST_KEY_UIApplicationSupportsIndirectInputEvents = YES;
				INFOPLIST_KEY_UILaunchStoryboardName = LaunchScreen;
				INFOPLIST_KEY_UIMainStoryboardFile = Main;
				INFOPLIST_KEY_UISupportedInterfaceOrientations_iPad = "UIInterfaceOrientationPortrait UIInterfaceOrientationPortraitUpsideDown UIInterfaceOrientationLandscapeLeft UIInterfaceOrientationLandscapeRight";
				INFOPLIST_KEY_UISupportedInterfaceOrientations_iPhone = "UIInterfaceOrientationPortrait UIInterfaceOrientationLandscapeLeft UIInterfaceOrientationLandscapeRight";
				LD_RUNPATH_SEARCH_PATHS = (
					"$(inherited)",
					"@executable_path/Frameworks",
				);
				MARKETING_VERSION = 1.0;
				PRODUCT_BUNDLE_IDENTIFIER = com.sachithrajakaruna.FetchDesserts;
				PRODUCT_NAME = "$(TARGET_NAME)";
				SWIFT_EMIT_LOC_STRINGS = YES;
				SWIFT_VERSION = 5.0;
				TARGETED_DEVICE_FAMILY = "1,2";
			};
			name = Debug;
		};
		19E931F4282DCF1A00417530 /* Release */ = {
			isa = XCBuildConfiguration;
			buildSettings = {
				ASSETCATALOG_COMPILER_APPICON_NAME = AppIcon;
				ASSETCATALOG_COMPILER_GLOBAL_ACCENT_COLOR_NAME = AccentColor;
				CODE_SIGN_STYLE = Automatic;
				CURRENT_PROJECT_VERSION = 1;
				DEVELOPMENT_TEAM = PZK4942533;
				GENERATE_INFOPLIST_FILE = YES;
				INFOPLIST_FILE = FetchDesserts/Info.plist;
				INFOPLIST_KEY_UIApplicationSupportsIndirectInputEvents = YES;
				INFOPLIST_KEY_UILaunchStoryboardName = LaunchScreen;
				INFOPLIST_KEY_UIMainStoryboardFile = Main;
				INFOPLIST_KEY_UISupportedInterfaceOrientations_iPad = "UIInterfaceOrientationPortrait UIInterfaceOrientationPortraitUpsideDown UIInterfaceOrientationLandscapeLeft UIInterfaceOrientationLandscapeRight";
				INFOPLIST_KEY_UISupportedInterfaceOrientations_iPhone = "UIInterfaceOrientationPortrait UIInterfaceOrientationLandscapeLeft UIInterfaceOrientationLandscapeRight";
				LD_RUNPATH_SEARCH_PATHS = (
					"$(inherited)",
					"@executable_path/Frameworks",
				);
				MARKETING_VERSION = 1.0;
				PRODUCT_BUNDLE_IDENTIFIER = com.sachithrajakaruna.FetchDesserts;
				PRODUCT_NAME = "$(TARGET_NAME)";
				SWIFT_EMIT_LOC_STRINGS = YES;
				SWIFT_VERSION = 5.0;
				TARGETED_DEVICE_FAMILY = "1,2";
			};
			name = Release;
		};
/* End XCBuildConfiguration section */

/* Begin XCConfigurationList section */
		19E931D9282DCF1400417530 /* Build configuration list for PBXProject "FetchDesserts" */ = {
			isa = XCConfigurationList;
			buildConfigurations = (
				19E931F0282DCF1A00417530 /* Debug */,
				19E931F1282DCF1A00417530 /* Release */,
			);
			defaultConfigurationIsVisible = 0;
			defaultConfigurationName = Release;
		};
		19E931F2282DCF1A00417530 /* Build configuration list for PBXNativeTarget "FetchDesserts" */ = {
			isa = XCConfigurationList;
			buildConfigurations = (
				19E931F3282DCF1A00417530 /* Debug */,
				19E931F4282DCF1A00417530 /* Release */,
			);
			defaultConfigurationIsVisible = 0;
			defaultConfigurationName = Release;
		};
/* End XCConfigurationList section */
	};
	rootObject = 19E931D6282DCF1400417530 /* Project object */;
}
